
Microsoft Visual Studio Solution File, Format Version 12.00
# Visual Studio Version 16
VisualStudioVersion = 16.0.29230.47
MinimumVisualStudioVersion = 10.0.40219.1
Project("{FAE04EC0-301F-11D3-BF4B-00C04F79EFBC}") = "WpfApp1", "WpfApp1\WpfApp1.csproj", "{3D9B6647-F293-4AC3-8A83-FA8AA3EBC835}"
EndProject
Global
	GlobalSection(SolutionConfigurationPlatforms) = preSolution
		Debug|Any CPU = Debug|Any CPU
		Release|Any CPU = Release|Any CPU
	EndGlobalSection
	GlobalSection(ProjectConfigurationPlatforms) = postSolution
		{3D9B6647-F293-4AC3-8A83-FA8AA3EBC835}.Debug|Any CPU.ActiveCfg = Debug|Any CPU
		{3D9B6647-F293-4AC3-8A83-FA8AA3EBC835}.Debug|Any CPU.Build.0 = Debug|Any CPU
		{3D9B6647-F293-4AC3-8A83-FA8AA3EBC835}.Release|Any CPU.ActiveCfg = Release|Any CPU
		{3D9B6647-F293-4AC3-8A83-FA8AA3EBC835}.Release|Any CPU.Build.0 = Release|Any CPU
	EndGlobalSection
	GlobalSection(SolutionProperties) = preSolution
		HideSolutionNode = FALSE
	EndGlobalSection
	GlobalSection(ExtensibilityGlobals) = postSolution
		SolutionGuid = {21F770D9-E0BC-456C-B1A7-C930D4140EED}
	EndGlobalSection
EndGlobal
